// !$*UTF8*$!
{
	archiveVersion = 1;
	classes = {
	};
	objectVersion = 55;
	objects = {

/* Begin PBXBuildFile section */
		E6102F1628A925C700543D81 /* AppDelegate.swift in Sources */ = {isa = PBXBuildFile; fileRef = E6102F1528A925C700543D81 /* AppDelegate.swift */; };
		E6102F1A28A925C700543D81 /* HomeViewController.swift in Sources */ = {isa = PBXBuildFile; fileRef = E6102F1928A925C700543D81 /* HomeViewController.swift */; };
		E6102F1F28A925CA00543D81 /* Assets.xcassets in Resources */ = {isa = PBXBuildFile; fileRef = E6102F1E28A925CA00543D81 /* Assets.xcassets */; };
		E6102F2228A925CA00543D81 /* LaunchScreen.storyboard in Resources */ = {isa = PBXBuildFile; fileRef = E6102F2028A925CA00543D81 /* LaunchScreen.storyboard */; };
		E6102F2A28A9266C00543D81 /* HomeViewModel.swift in Sources */ = {isa = PBXBuildFile; fileRef = E6102F2928A9266C00543D81 /* HomeViewModel.swift */; };
		E6EF8C0B28A932870000E7E8 /* UIImageView+LoadURL.swift in Sources */ = {isa = PBXBuildFile; fileRef = E6EF8C0A28A932870000E7E8 /* UIImageView+LoadURL.swift */; };
		E6EF8C0D28A932BB0000E7E8 /* PortraitCell.swift in Sources */ = {isa = PBXBuildFile; fileRef = E6EF8C0C28A932BB0000E7E8 /* PortraitCell.swift */; };
		E6EF8C0F28A932DC0000E7E8 /* PosterCell.swift in Sources */ = {isa = PBXBuildFile; fileRef = E6EF8C0E28A932DC0000E7E8 /* PosterCell.swift */; };
		E6EF8C1128A932F30000E7E8 /* LandscapeCell.swift in Sources */ = {isa = PBXBuildFile; fileRef = E6EF8C1028A932F30000E7E8 /* LandscapeCell.swift */; };
		E6EF8C1428A934310000E7E8 /* SectionCell.swift in Sources */ = {isa = PBXBuildFile; fileRef = E6EF8C1328A934310000E7E8 /* SectionCell.swift */; };
		E6EF8C1A28A938D30000E7E8 /* Content.swift in Sources */ = {isa = PBXBuildFile; fileRef = E6EF8C1928A938D30000E7E8 /* Content.swift */; };
		E6EF8C1C28A938DB0000E7E8 /* ContentItem.swift in Sources */ = {isa = PBXBuildFile; fileRef = E6EF8C1B28A938DB0000E7E8 /* ContentItem.swift */; };
		E6EF8C1F28A9394F0000E7E8 /* Endpoint.swift in Sources */ = {isa = PBXBuildFile; fileRef = E6EF8C1E28A9394F0000E7E8 /* Endpoint.swift */; };
		E6EF8C2128A9396D0000E7E8 /* ApiService.swift in Sources */ = {isa = PBXBuildFile; fileRef = E6EF8C2028A9396D0000E7E8 /* ApiService.swift */; };
		E6EF8C2328A939B50000E7E8 /* HomeService.swift in Sources */ = {isa = PBXBuildFile; fileRef = E6EF8C2228A939B50000E7E8 /* HomeService.swift */; };
		E6EF8C2628A939FB0000E7E8 /* ContentDTO.swift in Sources */ = {isa = PBXBuildFile; fileRef = E6EF8C2528A939FB0000E7E8 /* ContentDTO.swift */; };
		E6EF8C2828A93A130000E7E8 /* ItemDTO.swift in Sources */ = {isa = PBXBuildFile; fileRef = E6EF8C2728A93A130000E7E8 /* ItemDTO.swift */; };
		E6EF8C2A28A93A5E0000E7E8 /* Mock.swift in Sources */ = {isa = PBXBuildFile; fileRef = E6EF8C2928A93A5E0000E7E8 /* Mock.swift */; };
/* End PBXBuildFile section */

/* Begin PBXFileReference section */
		E6102F1228A925C700543D81 /* VidioVido.app */ = {isa = PBXFileReference; explicitFileType = wrapper.application; includeInIndex = 0; path = VidioVido.app; sourceTree = BUILT_PRODUCTS_DIR; };
		E6102F1528A925C700543D81 /* AppDelegate.swift */ = {isa = PBXFileReference; lastKnownFileType = sourcecode.swift; path = AppDelegate.swift; sourceTree = "<group>"; };
		E6102F1928A925C700543D81 /* HomeViewController.swift */ = {isa = PBXFileReference; lastKnownFileType = sourcecode.swift; path = HomeViewController.swift; sourceTree = "<group>"; };
		E6102F1E28A925CA00543D81 /* Assets.xcassets */ = {isa = PBXFileReference; lastKnownFileType = folder.assetcatalog; path = Assets.xcassets; sourceTree = "<group>"; };
		E6102F2128A925CA00543D81 /* Base */ = {isa = PBXFileReference; lastKnownFileType = file.storyboard; name = Base; path = Base.lproj/LaunchScreen.storyboard; sourceTree = "<group>"; };
		E6102F2328A925CA00543D81 /* Info.plist */ = {isa = PBXFileReference; lastKnownFileType = text.plist.xml; path = Info.plist; sourceTree = "<group>"; };
		E6102F2928A9266C00543D81 /* HomeViewModel.swift */ = {isa = PBXFileReference; lastKnownFileType = sourcecode.swift; path = HomeViewModel.swift; sourceTree = "<group>"; };
		E6EF8C0A28A932870000E7E8 /* UIImageView+LoadURL.swift */ = {isa = PBXFileReference; lastKnownFileType = sourcecode.swift; path = "UIImageView+LoadURL.swift"; sourceTree = "<group>"; };
		E6EF8C0C28A932BB0000E7E8 /* PortraitCell.swift */ = {isa = PBXFileReference; lastKnownFileType = sourcecode.swift; path = PortraitCell.swift; sourceTree = "<group>"; };
		E6EF8C0E28A932DC0000E7E8 /* PosterCell.swift */ = {isa = PBXFileReference; lastKnownFileType = sourcecode.swift; path = PosterCell.swift; sourceTree = "<group>"; };
		E6EF8C1028A932F30000E7E8 /* LandscapeCell.swift */ = {isa = PBXFileReference; lastKnownFileType = sourcecode.swift; path = LandscapeCell.swift; sourceTree = "<group>"; };
		E6EF8C1328A934310000E7E8 /* SectionCell.swift */ = {isa = PBXFileReference; lastKnownFileType = sourcecode.swift; path = SectionCell.swift; sourceTree = "<group>"; };
		E6EF8C1928A938D30000E7E8 /* Content.swift */ = {isa = PBXFileReference; lastKnownFileType = sourcecode.swift; path = Content.swift; sourceTree = "<group>"; };
		E6EF8C1B28A938DB0000E7E8 /* ContentItem.swift */ = {isa = PBXFileReference; lastKnownFileType = sourcecode.swift; path = ContentItem.swift; sourceTree = "<group>"; };
		E6EF8C1E28A9394F0000E7E8 /* Endpoint.swift */ = {isa = PBXFileReference; lastKnownFileType = sourcecode.swift; path = Endpoint.swift; sourceTree = "<group>"; };
		E6EF8C2028A9396D0000E7E8 /* ApiService.swift */ = {isa = PBXFileReference; lastKnownFileType = sourcecode.swift; path = ApiService.swift; sourceTree = "<group>"; };
		E6EF8C2228A939B50000E7E8 /* HomeService.swift */ = {isa = PBXFileReference; lastKnownFileType = sourcecode.swift; path = HomeService.swift; sourceTree = "<group>"; };
		E6EF8C2528A939FB0000E7E8 /* ContentDTO.swift */ = {isa = PBXFileReference; lastKnownFileType = sourcecode.swift; path = ContentDTO.swift; sourceTree = "<group>"; };
		E6EF8C2728A93A130000E7E8 /* ItemDTO.swift */ = {isa = PBXFileReference; lastKnownFileType = sourcecode.swift; path = ItemDTO.swift; sourceTree = "<group>"; };
		E6EF8C2928A93A5E0000E7E8 /* Mock.swift */ = {isa = PBXFileReference; lastKnownFileType = sourcecode.swift; path = Mock.swift; sourceTree = "<group>"; };
/* End PBXFileReference section */

/* Begin PBXFrameworksBuildPhase section */
		E6102F0F28A925C700543D81 /* Frameworks */ = {
			isa = PBXFrameworksBuildPhase;
			buildActionMask = 2147483647;
			files = (
			);
			runOnlyForDeploymentPostprocessing = 0;
		};
/* End PBXFrameworksBuildPhase section */

/* Begin PBXGroup section */
		E6102F0928A925C700543D81 = {
			isa = PBXGroup;
			children = (
				E6102F1428A925C700543D81 /* VidioVido */,
				E6102F1328A925C700543D81 /* Products */,
			);
			sourceTree = "<group>";
		};
		E6102F1328A925C700543D81 /* Products */ = {
			isa = PBXGroup;
			children = (
				E6102F1228A925C700543D81 /* VidioVido.app */,
			);
			name = Products;
			sourceTree = "<group>";
		};
		E6102F1428A925C700543D81 /* VidioVido */ = {
			isa = PBXGroup;
			children = (
				E6102F2D28A931A300543D81 /* App */,
				E6EF8C2428A939E80000E7E8 /* DTO */,
				E6EF8C1828A938C90000E7E8 /* Entity */,
				E6102F2E28A931AA00543D81 /* Resources */,
				E6EF8C1728A938B10000E7E8 /* Service */,
				E6102F2F28A931E700543D81 /* View */,
				E6EF8C1D28A9390F0000E7E8 /* ViewModel */,
			);
			path = VidioVido;
			sourceTree = "<group>";
		};
		E6102F2D28A931A300543D81 /* App */ = {
			isa = PBXGroup;
			children = (
				E6102F1528A925C700543D81 /* AppDelegate.swift */,
			);
			path = App;
			sourceTree = "<group>";
		};
		E6102F2E28A931AA00543D81 /* Resources */ = {
			isa = PBXGroup;
			children = (
				E6102F1E28A925CA00543D81 /* Assets.xcassets */,
				E6102F2328A925CA00543D81 /* Info.plist */,
				E6102F2028A925CA00543D81 /* LaunchScreen.storyboard */,
				E6EF8C2928A93A5E0000E7E8 /* Mock.swift */,
			);
			path = Resources;
			sourceTree = "<group>";
		};
		E6102F2F28A931E700543D81 /* View */ = {
			isa = PBXGroup;
			children = (
				E6102F1928A925C700543D81 /* HomeViewController.swift */,
				E6EF8C1228A933290000E7E8 /* Helper */,
			);
			path = View;
			sourceTree = "<group>";
		};
		E6EF8C1228A933290000E7E8 /* Helper */ = {
			isa = PBXGroup;
			children = (
				E6EF8C0A28A932870000E7E8 /* UIImageView+LoadURL.swift */,
				E6EF8C1628A937FF0000E7E8 /* CollectionCell */,
				E6EF8C1528A937F20000E7E8 /* TableCell */,
			);
			path = Helper;
			sourceTree = "<group>";
		};
		E6EF8C1528A937F20000E7E8 /* TableCell */ = {
			isa = PBXGroup;
			children = (
				E6EF8C1028A932F30000E7E8 /* LandscapeCell.swift */,
				E6EF8C0C28A932BB0000E7E8 /* PortraitCell.swift */,
				E6EF8C1328A934310000E7E8 /* SectionCell.swift */,
			);
			path = TableCell;
			sourceTree = "<group>";
		};
		E6EF8C1628A937FF0000E7E8 /* CollectionCell */ = {
			isa = PBXGroup;
			children = (
				E6EF8C0E28A932DC0000E7E8 /* PosterCell.swift */,
			);
			path = CollectionCell;
			sourceTree = "<group>";
		};
		E6EF8C1728A938B10000E7E8 /* Service */ = {
			isa = PBXGroup;
			children = (
				E6EF8C1E28A9394F0000E7E8 /* Endpoint.swift */,
				E6EF8C2028A9396D0000E7E8 /* ApiService.swift */,
			);
			path = Service;
			sourceTree = "<group>";
		};
		E6EF8C1828A938C90000E7E8 /* Entity */ = {
			isa = PBXGroup;
			children = (
				E6EF8C1928A938D30000E7E8 /* Content.swift */,
				E6EF8C1B28A938DB0000E7E8 /* ContentItem.swift */,
			);
			path = Entity;
			sourceTree = "<group>";
		};
		E6EF8C1D28A9390F0000E7E8 /* ViewModel */ = {
			isa = PBXGroup;
			children = (
				E6EF8C2228A939B50000E7E8 /* HomeService.swift */,
				E6102F2928A9266C00543D81 /* HomeViewModel.swift */,
			);
			path = ViewModel;
			sourceTree = "<group>";
		};
		E6EF8C2428A939E80000E7E8 /* DTO */ = {
			isa = PBXGroup;
			children = (
				E6EF8C2528A939FB0000E7E8 /* ContentDTO.swift */,
				E6EF8C2728A93A130000E7E8 /* ItemDTO.swift */,
			);
			path = DTO;
			sourceTree = "<group>";
		};
/* End PBXGroup section */

/* Begin PBXNativeTarget section */
		E6102F1128A925C700543D81 /* VidioVido */ = {
			isa = PBXNativeTarget;
			buildConfigurationList = E6102F2628A925CA00543D81 /* Build configuration list for PBXNativeTarget "VidioVido" */;
			buildPhases = (
				E6102F0E28A925C700543D81 /* Sources */,
				E6102F0F28A925C700543D81 /* Frameworks */,
				E6102F1028A925C700543D81 /* Resources */,
			);
			buildRules = (
			);
			dependencies = (
			);
			name = VidioVido;
			productName = VidioVido;
			productReference = E6102F1228A925C700543D81 /* VidioVido.app */;
			productType = "com.apple.product-type.application";
		};
/* End PBXNativeTarget section */

/* Begin PBXProject section */
		E6102F0A28A925C700543D81 /* Project object */ = {
			isa = PBXProject;
			attributes = {
				BuildIndependentTargetsInParallel = 1;
				LastSwiftUpdateCheck = 1340;
				LastUpgradeCheck = 1340;
				TargetAttributes = {
					E6102F1128A925C700543D81 = {
						CreatedOnToolsVersion = 13.4.1;
					};
				};
			};
			buildConfigurationList = E6102F0D28A925C700543D81 /* Build configuration list for PBXProject "VidioVido" */;
			compatibilityVersion = "Xcode 13.0";
			developmentRegion = en;
			hasScannedForEncodings = 0;
			knownRegions = (
				en,
				Base,
			);
			mainGroup = E6102F0928A925C700543D81;
			productRefGroup = E6102F1328A925C700543D81 /* Products */;
			projectDirPath = "";
			projectRoot = "";
			targets = (
				E6102F1128A925C700543D81 /* VidioVido */,
			);
		};
/* End PBXProject section */

/* Begin PBXResourcesBuildPhase section */
		E6102F1028A925C700543D81 /* Resources */ = {
			isa = PBXResourcesBuildPhase;
			buildActionMask = 2147483647;
			files = (
				E6102F2228A925CA00543D81 /* LaunchScreen.storyboard in Resources */,
				E6102F1F28A925CA00543D81 /* Assets.xcassets in Resources */,
			);
			runOnlyForDeploymentPostprocessing = 0;
		};
/* End PBXResourcesBuildPhase section */

/* Begin PBXSourcesBuildPhase section */
		E6102F0E28A925C700543D81 /* Sources */ = {
			isa = PBXSourcesBuildPhase;
			buildActionMask = 2147483647;
			files = (
				E6EF8C2328A939B50000E7E8 /* HomeService.swift in Sources */,
				E6EF8C1428A934310000E7E8 /* SectionCell.swift in Sources */,
				E6EF8C0D28A932BB0000E7E8 /* PortraitCell.swift in Sources */,
				E6EF8C1128A932F30000E7E8 /* LandscapeCell.swift in Sources */,
				E6EF8C1A28A938D30000E7E8 /* Content.swift in Sources */,
				E6EF8C2628A939FB0000E7E8 /* ContentDTO.swift in Sources */,
				E6EF8C2A28A93A5E0000E7E8 /* Mock.swift in Sources */,
				E6102F1A28A925C700543D81 /* HomeViewController.swift in Sources */,
				E6EF8C0B28A932870000E7E8 /* UIImageView+LoadURL.swift in Sources */,
				E6EF8C2128A9396D0000E7E8 /* ApiService.swift in Sources */,
				E6EF8C0F28A932DC0000E7E8 /* PosterCell.swift in Sources */,
				E6102F2A28A9266C00543D81 /* HomeViewModel.swift in Sources */,
				E6102F1628A925C700543D81 /* AppDelegate.swift in Sources */,
				E6EF8C1F28A9394F0000E7E8 /* Endpoint.swift in Sources */,
				E6EF8C2828A93A130000E7E8 /* ItemDTO.swift in Sources */,
				E6EF8C1C28A938DB0000E7E8 /* ContentItem.swift in Sources */,
			);
			runOnlyForDeploymentPostprocessing = 0;
		};
/* End PBXSourcesBuildPhase section */

/* Begin PBXVariantGroup section */
		E6102F2028A925CA00543D81 /* LaunchScreen.storyboard */ = {
			isa = PBXVariantGroup;
			children = (
				E6102F2128A925CA00543D81 /* Base */,
			);
			name = LaunchScreen.storyboard;
			sourceTree = "<group>";
		};
/* End PBXVariantGroup section */

/* Begin XCBuildConfiguration section */
		E6102F2428A925CA00543D81 /* Debug */ = {
			isa = XCBuildConfiguration;
			buildSettings = {
				ALWAYS_SEARCH_USER_PATHS = NO;
				CLANG_ANALYZER_NONNULL = YES;
				CLANG_ANALYZER_NUMBER_OBJECT_CONVERSION = YES_AGGRESSIVE;
				CLANG_CXX_LANGUAGE_STANDARD = "gnu++17";
				CLANG_ENABLE_MODULES = YES;
				CLANG_ENABLE_OBJC_ARC = YES;
				CLANG_ENABLE_OBJC_WEAK = YES;
				CLANG_WARN_BLOCK_CAPTURE_AUTORELEASING = YES;
				CLANG_WARN_BOOL_CONVERSION = YES;
				CLANG_WARN_COMMA = YES;
				CLANG_WARN_CONSTANT_CONVERSION = YES;
				CLANG_WARN_DEPRECATED_OBJC_IMPLEMENTATIONS = YES;
				CLANG_WARN_DIRECT_OBJC_ISA_USAGE = YES_ERROR;
				CLANG_WARN_DOCUMENTATION_COMMENTS = YES;
				CLANG_WARN_EMPTY_BODY = YES;
				CLANG_WARN_ENUM_CONVERSION = YES;
				CLANG_WARN_INFINITE_RECURSION = YES;
				CLANG_WARN_INT_CONVERSION = YES;
				CLANG_WARN_NON_LITERAL_NULL_CONVERSION = YES;
				CLANG_WARN_OBJC_IMPLICIT_RETAIN_SELF = YES;
				CLANG_WARN_OBJC_LITERAL_CONVERSION = YES;
				CLANG_WARN_OBJC_ROOT_CLASS = YES_ERROR;
				CLANG_WARN_QUOTED_INCLUDE_IN_FRAMEWORK_HEADER = YES;
				CLANG_WARN_RANGE_LOOP_ANALYSIS = YES;
				CLANG_WARN_STRICT_PROTOTYPES = YES;
				CLANG_WARN_SUSPICIOUS_MOVE = YES;
				CLANG_WARN_UNGUARDED_AVAILABILITY = YES_AGGRESSIVE;
				CLANG_WARN_UNREACHABLE_CODE = YES;
				CLANG_WARN__DUPLICATE_METHOD_MATCH = YES;
				COPY_PHASE_STRIP = NO;
				DEBUG_INFORMATION_FORMAT = dwarf;
				ENABLE_STRICT_OBJC_MSGSEND = YES;
				ENABLE_TESTABILITY = YES;
				GCC_C_LANGUAGE_STANDARD = gnu11;
				GCC_DYNAMIC_NO_PIC = NO;
				GCC_NO_COMMON_BLOCKS = YES;
				GCC_OPTIMIZATION_LEVEL = 0;
				GCC_PREPROCESSOR_DEFINITIONS = (
					"DEBUG=1",
					"$(inherited)",
				);
				GCC_WARN_64_TO_32_BIT_CONVERSION = YES;
				GCC_WARN_ABOUT_RETURN_TYPE = YES_ERROR;
				GCC_WARN_UNDECLARED_SELECTOR = YES;
				GCC_WARN_UNINITIALIZED_AUTOS = YES_AGGRESSIVE;
				GCC_WARN_UNUSED_FUNCTION = YES;
				GCC_WARN_UNUSED_VARIABLE = YES;
				IPHONEOS_DEPLOYMENT_TARGET = 15.5;
				MTL_ENABLE_DEBUG_INFO = INCLUDE_SOURCE;
				MTL_FAST_MATH = YES;
				ONLY_ACTIVE_ARCH = YES;
				SDKROOT = iphoneos;
				SWIFT_ACTIVE_COMPILATION_CONDITIONS = DEBUG;
				SWIFT_OPTIMIZATION_LEVEL = "-Onone";
			};
			name = Debug;
		};
		E6102F2528A925CA00543D81 /* Release */ = {
			isa = XCBuildConfiguration;
			buildSettings = {
				ALWAYS_SEARCH_USER_PATHS = NO;
				CLANG_ANALYZER_NONNULL = YES;
				CLANG_ANALYZER_NUMBER_OBJECT_CONVERSION = YES_AGGRESSIVE;
				CLANG_CXX_LANGUAGE_STANDARD = "gnu++17";
				CLANG_ENABLE_MODULES = YES;
				CLANG_ENABLE_OBJC_ARC = YES;
				CLANG_ENABLE_OBJC_WEAK = YES;
				CLANG_WARN_BLOCK_CAPTURE_AUTORELEASING = YES;
				CLANG_WARN_BOOL_CONVERSION = YES;
				CLANG_WARN_COMMA = YES;
				CLANG_WARN_CONSTANT_CONVERSION = YES;
				CLANG_WARN_DEPRECATED_OBJC_IMPLEMENTATIONS = YES;
				CLANG_WARN_DIRECT_OBJC_ISA_USAGE = YES_ERROR;
				CLANG_WARN_DOCUMENTATION_COMMENTS = YES;
				CLANG_WARN_EMPTY_BODY = YES;
				CLANG_WARN_ENUM_CONVERSION = YES;
				CLANG_WARN_INFINITE_RECURSION = YES;
				CLANG_WARN_INT_CONVERSION = YES;
				CLANG_WARN_NON_LITERAL_NULL_CONVERSION = YES;
				CLANG_WARN_OBJC_IMPLICIT_RETAIN_SELF = YES;
				CLANG_WARN_OBJC_LITERAL_CONVERSION = YES;
				CLANG_WARN_OBJC_ROOT_CLASS = YES_ERROR;
				CLANG_WARN_QUOTED_INCLUDE_IN_FRAMEWORK_HEADER = YES;
				CLANG_WARN_RANGE_LOOP_ANALYSIS = YES;
				CLANG_WARN_STRICT_PROTOTYPES = YES;
				CLANG_WARN_SUSPICIOUS_MOVE = YES;
				CLANG_WARN_UNGUARDED_AVAILABILITY = YES_AGGRESSIVE;
				CLANG_WARN_UNREACHABLE_CODE = YES;
				CLANG_WARN__DUPLICATE_METHOD_MATCH = YES;
				COPY_PHASE_STRIP = NO;
				DEBUG_INFORMATION_FORMAT = "dwarf-with-dsym";
				ENABLE_NS_ASSERTIONS = NO;
				ENABLE_STRICT_OBJC_MSGSEND = YES;
				GCC_C_LANGUAGE_STANDARD = gnu11;
				GCC_NO_COMMON_BLOCKS = YES;
				GCC_WARN_64_TO_32_BIT_CONVERSION = YES;
				GCC_WARN_ABOUT_RETURN_TYPE = YES_ERROR;
				GCC_WARN_UNDECLARED_SELECTOR = YES;
				GCC_WARN_UNINITIALIZED_AUTOS = YES_AGGRESSIVE;
				GCC_WARN_UNUSED_FUNCTION = YES;
				GCC_WARN_UNUSED_VARIABLE = YES;
				IPHONEOS_DEPLOYMENT_TARGET = 15.5;
				MTL_ENABLE_DEBUG_INFO = NO;
				MTL_FAST_MATH = YES;
				SDKROOT = iphoneos;
				SWIFT_COMPILATION_MODE = wholemodule;
				SWIFT_OPTIMIZATION_LEVEL = "-O";
				VALIDATE_PRODUCT = YES;
			};
			name = Release;
		};
		E6102F2728A925CA00543D81 /* Debug */ = {
			isa = XCBuildConfiguration;
			buildSettings = {
				ASSETCATALOG_COMPILER_APPICON_NAME = AppIcon;
				ASSETCATALOG_COMPILER_GLOBAL_ACCENT_COLOR_NAME = AccentColor;
				CODE_SIGN_STYLE = Automatic;
				CURRENT_PROJECT_VERSION = 1;
				DEVELOPMENT_TEAM = ZNSUAA9FB3;
				GENERATE_INFOPLIST_FILE = YES;
				INFOPLIST_FILE = VidioVido/Resources/Info.plist;
				INFOPLIST_KEY_UIApplicationSupportsIndirectInputEvents = YES;
				INFOPLIST_KEY_UILaunchStoryboardName = LaunchScreen;
				INFOPLIST_KEY_UISupportedInterfaceOrientations_iPad = "UIInterfaceOrientationPortrait UIInterfaceOrientationPortraitUpsideDown UIInterfaceOrientationLandscapeLeft UIInterfaceOrientationLandscapeRight";
				INFOPLIST_KEY_UISupportedInterfaceOrientations_iPhone = "UIInterfaceOrientationPortrait UIInterfaceOrientationLandscapeLeft UIInterfaceOrientationLandscapeRight";
				IPHONEOS_DEPLOYMENT_TARGET = 11.0;
				LD_RUNPATH_SEARCH_PATHS = (
					"$(inherited)",
					"@executable_path/Frameworks",
				);
				MARKETING_VERSION = 1.0;
				PRODUCT_BUNDLE_IDENTIFIER = com.infinity.VidioVido;
				PRODUCT_NAME = "$(TARGET_NAME)";
				SWIFT_EMIT_LOC_STRINGS = YES;
				SWIFT_VERSION = 5.0;
				TARGETED_DEVICE_FAMILY = "1,2";
			};
			name = Debug;
		};
		E6102F2828A925CA00543D81 /* Release */ = {
			isa = XCBuildConfiguration;
			buildSettings = {
				ASSETCATALOG_COMPILER_APPICON_NAME = AppIcon;
				ASSETCATALOG_COMPILER_GLOBAL_ACCENT_COLOR_NAME = AccentColor;
				CODE_SIGN_STYLE = Automatic;
				CURRENT_PROJECT_VERSION = 1;
				DEVELOPMENT_TEAM = ZNSUAA9FB3;
				GENERATE_INFOPLIST_FILE = YES;
				INFOPLIST_FILE = VidioVido/Resources/Info.plist;
				INFOPLIST_KEY_UIApplicationSupportsIndirectInputEvents = YES;
				INFOPLIST_KEY_UILaunchStoryboardName = LaunchScreen;
				INFOPLIST_KEY_UISupportedInterfaceOrientations_iPad = "UIInterfaceOrientationPortrait UIInterfaceOrientationPortraitUpsideDown UIInterfaceOrientationLandscapeLeft UIInterfaceOrientationLandscapeRight";
				INFOPLIST_KEY_UISupportedInterfaceOrientations_iPhone = "UIInterfaceOrientationPortrait UIInterfaceOrientationLandscapeLeft UIInterfaceOrientationLandscapeRight";
				IPHONEOS_DEPLOYMENT_TARGET = 11.0;
				LD_RUNPATH_SEARCH_PATHS = (
					"$(inherited)",
					"@executable_path/Frameworks",
				);
				MARKETING_VERSION = 1.0;
				PRODUCT_BUNDLE_IDENTIFIER = com.infinity.VidioVido;
				PRODUCT_NAME = "$(TARGET_NAME)";
				SWIFT_EMIT_LOC_STRINGS = YES;
				SWIFT_VERSION = 5.0;
				TARGETED_DEVICE_FAMILY = "1,2";
			};
			name = Release;
		};
/* End XCBuildConfiguration section */

/* Begin XCConfigurationList section */
		E6102F0D28A925C700543D81 /* Build configuration list for PBXProject "VidioVido" */ = {
			isa = XCConfigurationList;
			buildConfigurations = (
				E6102F2428A925CA00543D81 /* Debug */,
				E6102F2528A925CA00543D81 /* Release */,
			);
			defaultConfigurationIsVisible = 0;
			defaultConfigurationName = Release;
		};
		E6102F2628A925CA00543D81 /* Build configuration list for PBXNativeTarget "VidioVido" */ = {
			isa = XCConfigurationList;
			buildConfigurations = (
				E6102F2728A925CA00543D81 /* Debug */,
				E6102F2828A925CA00543D81 /* Release */,
			);
			defaultConfigurationIsVisible = 0;
			defaultConfigurationName = Release;
		};
/* End XCConfigurationList section */
	};
	rootObject = E6102F0A28A925C700543D81 /* Project object */;
}
